Microsoft Visual Studio Solution File, Format Version 8.00
Project("{8BC9CEB8-8B4A-11D0-8D11-00A0C91BC942}") = "scdis", "scdis.vcproj", "{81871EED-13AF-42FF-BB7F-88F93647B45B}"
	ProjectSection(ProjectDependencies) = postProject
	EndProjectSection
EndProject
Global
	GlobalSection(SolutionConfiguration) = preSolution
		Debug = Debug
		Release = Release
	EndGlobalSection
	GlobalSection(ProjectConfiguration) = postSolution
		{81871EED-13AF-42FF-BB7F-88F93647B45B}.Debug.ActiveCfg = Debug|Win32
		{81871EED-13AF-42FF-BB7F-88F93647B45B}.Debug.Build.0 = Debug|Win32
		{81871EED-13AF-42FF-BB7F-88F93647B45B}.Release.ActiveCfg = Release|Win32
		{81871EED-13AF-42FF-BB7F-88F93647B45B}.Release.Build.0 = Release|Win32
	EndGlobalSection
	GlobalSection(ExtensibilityGlobals) = postSolution
	EndGlobalSection
	GlobalSection(ExtensibilityAddIns) = postSolution
	EndGlobalSection
EndGlobal
